
Microsoft Visual Studio Solution File, Format Version 12.00
# Visual Studio Version 17
VisualStudioVersion = 17.11.35431.28
MinimumVisualStudioVersion = 10.0.40219.1
Project("{FAE04EC0-301F-11D3-BF4B-00C04F79EFBC}") = "EventsWPF_Practic", "EventsWPF_Practic.csproj", "{B2EF2B82-4E66-417F-AD12-293767474F8B}"
EndProject
Global
	GlobalSection(SolutionConfigurationPlatforms) = preSolution
		Debug|Any CPU = Debug|Any CPU
		Release|Any CPU = Release|Any CPU
	EndGlobalSection
	GlobalSection(ProjectConfigurationPlatforms) = postSolution
		{B2EF2B82-4E66-417F-AD12-293767474F8B}.Debug|Any CPU.ActiveCfg = Debug|Any CPU
		{B2EF2B82-4E66-417F-AD12-293767474F8B}.Debug|Any CPU.Build.0 = Debug|Any CPU
		{B2EF2B82-4E66-417F-AD12-293767474F8B}.Release|Any CPU.ActiveCfg = Release|Any CPU
		{B2EF2B82-4E66-417F-AD12-293767474F8B}.Release|Any CPU.Build.0 = Release|Any CPU
	EndGlobalSection
	GlobalSection(SolutionProperties) = preSolution
		HideSolutionNode = FALSE
	EndGlobalSection
	GlobalSection(ExtensibilityGlobals) = postSolution
		SolutionGuid = {C93B320B-A985-456F-B82E-0483404A7DDA}
	EndGlobalSection
EndGlobal
